
Microsoft Visual Studio Solution File, Format Version 12.00
Project("{FAE04EC0-301F-11D3-BF4B-00C04F79EFBC}") = "W9_MvcProject", "W9_MvcProject\W9_MvcProject.csproj", "{632AA80A-9342-4234-8CB8-676E8AEDF896}"
EndProject
Global
	GlobalSection(SolutionConfigurationPlatforms) = preSolution
		Debug|Any CPU = Debug|Any CPU
		Release|Any CPU = Release|Any CPU
	EndGlobalSection
	GlobalSection(ProjectConfigurationPlatforms) = postSolution
		{632AA80A-9342-4234-8CB8-676E8AEDF896}.Debug|Any CPU.ActiveCfg = Debug|Any CPU
		{632AA80A-9342-4234-8CB8-676E8AEDF896}.Debug|Any CPU.Build.0 = Debug|Any CPU
		{632AA80A-9342-4234-8CB8-676E8AEDF896}.Release|Any CPU.ActiveCfg = Release|Any CPU
		{632AA80A-9342-4234-8CB8-676E8AEDF896}.Release|Any CPU.Build.0 = Release|Any CPU
	EndGlobalSection
EndGlobal
